
Microsoft Visual Studio Solution File, Format Version 12.00
# Visual Studio Version 16
VisualStudioVersion = 16.0.30803.129
MinimumVisualStudioVersion = 10.0.40219.1
Project("{FAE04EC0-301F-11D3-BF4B-00C04F79EFBC}") = "MovieStoreV3", "MovieStoreV3\MovieStoreV3.csproj", "{C82D57A8-1C7E-4443-9D92-42C745ED9C44}"
EndProject
Global
	GlobalSection(SolutionConfigurationPlatforms) = preSolution
		Debug|Any CPU = Debug|Any CPU
		Release|Any CPU = Release|Any CPU
	EndGlobalSection
	GlobalSection(ProjectConfigurationPlatforms) = postSolution
		{C82D57A8-1C7E-4443-9D92-42C745ED9C44}.Debug|Any CPU.ActiveCfg = Debug|Any CPU
		{C82D57A8-1C7E-4443-9D92-42C745ED9C44}.Debug|Any CPU.Build.0 = Debug|Any CPU
		{C82D57A8-1C7E-4443-9D92-42C745ED9C44}.Release|Any CPU.ActiveCfg = Release|Any CPU
		{C82D57A8-1C7E-4443-9D92-42C745ED9C44}.Release|Any CPU.Build.0 = Release|Any CPU
	EndGlobalSection
	GlobalSection(SolutionProperties) = preSolution
		HideSolutionNode = FALSE
	EndGlobalSection
	GlobalSection(ExtensibilityGlobals) = postSolution
		SolutionGuid = {CF64DC5A-0030-4A5B-9368-18BF080E51C9}
	EndGlobalSection
EndGlobal
